
Microsoft Visual Studio Solution File, Format Version 12.00
# Visual Studio Version 16
VisualStudioVersion = 16.0.29709.97
MinimumVisualStudioVersion = 10.0.40219.1
Project("{FAE04EC0-301F-11D3-BF4B-00C04F79EFBC}") = "SpotifyFindler", "SpotifyFindler\SpotifyFindler.csproj", "{1F47033B-29AF-42B9-A70F-81A48BE4C061}"
EndProject
Project("{FAE04EC0-301F-11D3-BF4B-00C04F79EFBC}") = "SpotifyTest", "SpotifyTest\SpotifyTest.csproj", "{EE28332E-174D-4873-8FC3-0467920EC2CA}"
EndProject
Global
	GlobalSection(SolutionConfigurationPlatforms) = preSolution
		Debug|Any CPU = Debug|Any CPU
		Release|Any CPU = Release|Any CPU
	EndGlobalSection
	GlobalSection(ProjectConfigurationPlatforms) = postSolution
		{1F47033B-29AF-42B9-A70F-81A48BE4C061}.Debug|Any CPU.ActiveCfg = Debug|Any CPU
		{1F47033B-29AF-42B9-A70F-81A48BE4C061}.Debug|Any CPU.Build.0 = Debug|Any CPU
		{1F47033B-29AF-42B9-A70F-81A48BE4C061}.Release|Any CPU.ActiveCfg = Release|Any CPU
		{1F47033B-29AF-42B9-A70F-81A48BE4C061}.Release|Any CPU.Build.0 = Release|Any CPU
		{EE28332E-174D-4873-8FC3-0467920EC2CA}.Debug|Any CPU.ActiveCfg = Debug|Any CPU
		{EE28332E-174D-4873-8FC3-0467920EC2CA}.Debug|Any CPU.Build.0 = Debug|Any CPU
		{EE28332E-174D-4873-8FC3-0467920EC2CA}.Release|Any CPU.ActiveCfg = Release|Any CPU
		{EE28332E-174D-4873-8FC3-0467920EC2CA}.Release|Any CPU.Build.0 = Release|Any CPU
	EndGlobalSection
	GlobalSection(SolutionProperties) = preSolution
		HideSolutionNode = FALSE
	EndGlobalSection
	GlobalSection(ExtensibilityGlobals) = postSolution
		SolutionGuid = {5427D000-6365-486F-A382-CB7C2FC1A006}
	EndGlobalSection
EndGlobal
